
Microsoft Visual Studio Solution File, Format Version 12.00
# Visual Studio Version 16
VisualStudioVersion = 16.0.28729.10
MinimumVisualStudioVersion = 10.0.40219.1
Project("{FAE04EC0-301F-11D3-BF4B-00C04F79EFBC}") = "Info_BD_OPP", "Info_BD_OPP\Info_BD_OPP.csproj", "{1B8F3BC8-D313-487C-AC5E-6EF8D585627B}"
EndProject
Global
	GlobalSection(SolutionConfigurationPlatforms) = preSolution
		Debug|Any CPU = Debug|Any CPU
		Release|Any CPU = Release|Any CPU
	EndGlobalSection
	GlobalSection(ProjectConfigurationPlatforms) = postSolution
		{1B8F3BC8-D313-487C-AC5E-6EF8D585627B}.Debug|Any CPU.ActiveCfg = Debug|Any CPU
		{1B8F3BC8-D313-487C-AC5E-6EF8D585627B}.Debug|Any CPU.Build.0 = Debug|Any CPU
		{1B8F3BC8-D313-487C-AC5E-6EF8D585627B}.Release|Any CPU.ActiveCfg = Release|Any CPU
		{1B8F3BC8-D313-487C-AC5E-6EF8D585627B}.Release|Any CPU.Build.0 = Release|Any CPU
	EndGlobalSection
	GlobalSection(SolutionProperties) = preSolution
		HideSolutionNode = FALSE
	EndGlobalSection
	GlobalSection(ExtensibilityGlobals) = postSolution
		SolutionGuid = {7E451454-15A8-4063-858F-5BD919E723D6}
	EndGlobalSection
EndGlobal
